
Microsoft Visual Studio Solution File, Format Version 12.00
# Visual Studio Version 17
VisualStudioVersion = 17.9.34723.18
MinimumVisualStudioVersion = 10.0.40219.1
Project("{FAE04EC0-301F-11D3-BF4B-00C04F79EFBC}") = "UFT", "UFT.csproj", "{3E54DF31-7CB1-4C1E-8CF4-FAF92B7D5CE6}"
EndProject
Global
	GlobalSection(SolutionConfigurationPlatforms) = preSolution
		Debug|Any CPU = Debug|Any CPU
		Release|Any CPU = Release|Any CPU
	EndGlobalSection
	GlobalSection(ProjectConfigurationPlatforms) = postSolution
		{3E54DF31-7CB1-4C1E-8CF4-FAF92B7D5CE6}.Debug|Any CPU.ActiveCfg = Debug|Any CPU
		{3E54DF31-7CB1-4C1E-8CF4-FAF92B7D5CE6}.Debug|Any CPU.Build.0 = Debug|Any CPU
		{3E54DF31-7CB1-4C1E-8CF4-FAF92B7D5CE6}.Release|Any CPU.ActiveCfg = Release|Any CPU
		{3E54DF31-7CB1-4C1E-8CF4-FAF92B7D5CE6}.Release|Any CPU.Build.0 = Release|Any CPU
	EndGlobalSection
	GlobalSection(SolutionProperties) = preSolution
		HideSolutionNode = FALSE
	EndGlobalSection
	GlobalSection(ExtensibilityGlobals) = postSolution
		SolutionGuid = {44A4C175-3631-49DE-AA2D-E8D717AF619F}
	EndGlobalSection
EndGlobal
